<?xml version="1.0" encoding="UTF-8"?>
<!DOCTYPE plist PUBLIC "-//Apple//DTD PLIST 1.0//EN" "http://www.apple.com/DTDs/PropertyList-1.0.dtd">
<plist version="1.0">
<dict>
	<key>archiveVersion</key>
	<string>1</string>
	<key>classes</key>
	<dict/>
	<key>objectVersion</key>
	<string>46</string>
	<key>objects</key>
	<dict>
		<key>129CA701DCE7A4FFEB906775</key>
		<dict>
			<key>explicitFileType</key>
			<string>wrapper.framework</string>
			<key>includeInIndex</key>
			<string>0</string>
			<key>isa</key>
			<string>PBXFileReference</string>
			<key>path</key>
			<string>Pods.framework</string>
			<key>sourceTree</key>
			<string>BUILT_PRODUCTS_DIR</string>
		</dict>
		<key>228568FD1BF2C22800932673</key>
		<dict>
			<key>children</key>
			<array>
				<string>228569081BF2C22800932673</string>
				<string>228569071BF2C22800932673</string>
				<string>A92FFAB3F8832C0AFA772DEF</string>
				<string>85E164CB3056C5D795A3748F</string>
			</array>
			<key>isa</key>
			<string>PBXGroup</string>
			<key>sourceTree</key>
			<string>&lt;group&gt;</string>
		</dict>
		<key>228568FE1BF2C22800932673</key>
		<dict>
			<key>attributes</key>
			<dict>
				<key>LastSwiftUpdateCheck</key>
				<string>0710</string>
				<key>LastUpgradeCheck</key>
				<string>0710</string>
				<key>ORGANIZATIONNAME</key>
				<string>Ray Wenderlich</string>
				<key>TargetAttributes</key>
				<dict>
					<key>228569051BF2C22800932673</key>
					<dict>
						<key>CreatedOnToolsVersion</key>
						<string>7.1.1</string>
					</dict>
				</dict>
			</dict>
			<key>buildConfigurationList</key>
			<string>228569011BF2C22800932673</string>
			<key>compatibilityVersion</key>
			<string>Xcode 3.2</string>
			<key>developmentRegion</key>
			<string>English</string>
			<key>hasScannedForEncodings</key>
			<string>0</string>
			<key>isa</key>
			<string>PBXProject</string>
			<key>knownRegions</key>
			<array>
				<string>en</string>
				<string>Base</string>
			</array>
			<key>mainGroup</key>
			<string>228568FD1BF2C22800932673</string>
			<key>productRefGroup</key>
			<string>228569071BF2C22800932673</string>
			<key>projectDirPath</key>
			<string></string>
			<key>projectReferences</key>
			<array/>
			<key>projectRoot</key>
			<string></string>
			<key>targets</key>
			<array>
				<string>228569051BF2C22800932673</string>
			</array>
		</dict>
		<key>228569011BF2C22800932673</key>
		<dict>
			<key>buildConfigurations</key>
			<array>
				<string>228569131BF2C22800932673</string>
				<string>228569141BF2C22800932673</string>
			</array>
			<key>defaultConfigurationIsVisible</key>
			<string>0</string>
			<key>defaultConfigurationName</key>
			<string>Release</string>
			<key>isa</key>
			<string>XCConfigurationList</string>
		</dict>
		<key>228569021BF2C22800932673</key>
		<dict>
			<key>buildActionMask</key>
			<string>2147483647</string>
			<key>files</key>
			<array>
				<string>43C522AB1CC30EC6003A3930</string>
				<string>2285691A1BF2C34800932673</string>
				<string>2285690A1BF2C22800932673</string>
				<string>43C522B11CC30F2A003A3930</string>
				<string>43C522AE1CC30F1F003A3930</string>
				<string>43C522AF1CC30F1F003A3930</string>
			</array>
			<key>isa</key>
			<string>PBXSourcesBuildPhase</string>
			<key>runOnlyForDeploymentPostprocessing</key>
			<string>0</string>
		</dict>
		<key>228569031BF2C22800932673</key>
		<dict>
			<key>buildActionMask</key>
			<string>2147483647</string>
			<key>files</key>
			<array>
				<string>41B9EFDAC28AFD966AAB6FB8</string>
			</array>
			<key>isa</key>
			<string>PBXFrameworksBuildPhase</string>
			<key>runOnlyForDeploymentPostprocessing</key>
			<string>0</string>
		</dict>
		<key>228569041BF2C22800932673</key>
		<dict>
			<key>buildActionMask</key>
			<string>2147483647</string>
			<key>files</key>
			<array>
				<string>22987B6F1BF5DF2E00D0468A</string>
				<string>22987B791BF70CAA00D0468A</string>
				<string>228569111BF2C22800932673</string>
				<string>43BF20991CC2BB7E001F4688</string>
				<string>22987B831BF71CF500D0468A</string>
				<string>43BF20951CC26284001F4688</string>
				<string>22987B891BF724DE00D0468A</string>
				<string>3550AB701C6BC01C00C24B2C</string>
				<string>2285691C1BF2C35E00932673</string>
				<string>22987B881BF724DE00D0468A</string>
				<string>22987B811BF7143600D0468A</string>
				<string>22987B7E1BF7143600D0468A</string>
				<string>22987B8A1BF724DE00D0468A</string>
				<string>22987B771BF6DB0700D0468A</string>
				<string>3550AB6E1C6BB87700C24B2C</string>
				<string>43BF20971CC26404001F4688</string>
				<string>22987B6D1BF5D08200D0468A</string>
				<string>22987B971BF74F4600D0468A</string>
				<string>22987B711BF6C74600D0468A</string>
				<string>22987B931BF74F1C00D0468A</string>
				<string>22987B801BF7143600D0468A</string>
				<string>22987B951BF74F3500D0468A</string>
				<string>22987B911BF74DF900D0468A</string>
				<string>22987B7F1BF7143600D0468A</string>
				<string>22987B991BF74F5300D0468A</string>
			</array>
			<key>isa</key>
			<string>PBXResourcesBuildPhase</string>
			<key>runOnlyForDeploymentPostprocessing</key>
			<string>0</string>
		</dict>
		<key>228569051BF2C22800932673</key>
		<dict>
			<key>buildConfigurationList</key>
			<string>228569151BF2C22800932673</string>
			<key>buildPhases</key>
			<array>
				<string>6CE2460BA676129BE8EDCF67</string>
				<string>228569021BF2C22800932673</string>
				<string>228569031BF2C22800932673</string>
				<string>228569041BF2C22800932673</string>
				<string>A9869D893C4A36ECBC08AE2B</string>
				<string>EA1528881D9A867586A751A4</string>
			</array>
			<key>buildRules</key>
			<array/>
			<key>dependencies</key>
			<array/>
			<key>isa</key>
			<string>PBXNativeTarget</string>
			<key>name</key>
			<string>gifinit</string>
			<key>productName</key>
			<string>wenderTV</string>
			<key>productReference</key>
			<string>228569061BF2C22800932673</string>
			<key>productType</key>
			<string>com.apple.product-type.application</string>
		</dict>
		<key>228569061BF2C22800932673</key>
		<dict>
			<key>explicitFileType</key>
			<string>wrapper.application</string>
			<key>includeInIndex</key>
			<string>0</string>
			<key>isa</key>
			<string>PBXFileReference</string>
			<key>path</key>
			<string>gifinit.app</string>
			<key>sourceTree</key>
			<string>BUILT_PRODUCTS_DIR</string>
		</dict>
		<key>228569071BF2C22800932673</key>
		<dict>
			<key>children</key>
			<array>
				<string>228569061BF2C22800932673</string>
			</array>
			<key>isa</key>
			<string>PBXGroup</string>
			<key>name</key>
			<string>Products</string>
			<key>sourceTree</key>
			<string>&lt;group&gt;</string>
		</dict>
		<key>228569081BF2C22800932673</key>
		<dict>
			<key>children</key>
			<array>
				<string>228569181BF2C2D800932673</string>
				<string>228569091BF2C22800932673</string>
				<string>43C522AA1CC30EC6003A3930</string>
				<string>43C522B21CC30F30003A3930</string>
				<string>228569191BF2C34800932673</string>
				<string>228569101BF2C22800932673</string>
				<string>228569121BF2C22800932673</string>
			</array>
			<key>isa</key>
			<string>PBXGroup</string>
			<key>name</key>
			<string>src</string>
			<key>path</key>
			<string>wenderTV</string>
			<key>sourceTree</key>
			<string>&lt;group&gt;</string>
		</dict>
		<key>228569091BF2C22800932673</key>
		<dict>
			<key>isa</key>
			<string>PBXFileReference</string>
			<key>lastKnownFileType</key>
			<string>sourcecode.swift</string>
			<key>path</key>
			<string>AppDelegate.swift</string>
			<key>sourceTree</key>
			<string>&lt;group&gt;</string>
		</dict>
		<key>2285690A1BF2C22800932673</key>
		<dict>
			<key>fileRef</key>
			<string>228569091BF2C22800932673</string>
			<key>isa</key>
			<string>PBXBuildFile</string>
		</dict>
		<key>228569101BF2C22800932673</key>
		<dict>
			<key>isa</key>
			<string>PBXFileReference</string>
			<key>lastKnownFileType</key>
			<string>folder.assetcatalog</string>
			<key>path</key>
			<string>Assets.xcassets</string>
			<key>sourceTree</key>
			<string>&lt;group&gt;</string>
		</dict>
		<key>228569111BF2C22800932673</key>
		<dict>
			<key>fileRef</key>
			<string>228569101BF2C22800932673</string>
			<key>isa</key>
			<string>PBXBuildFile</string>
		</dict>
		<key>228569121BF2C22800932673</key>
		<dict>
			<key>isa</key>
			<string>PBXFileReference</string>
			<key>lastKnownFileType</key>
			<string>text.plist.xml</string>
			<key>path</key>
			<string>Info.plist</string>
			<key>sourceTree</key>
			<string>&lt;group&gt;</string>
		</dict>
		<key>228569131BF2C22800932673</key>
		<dict>
			<key>buildSettings</key>
			<dict>
				<key>ALWAYS_SEARCH_USER_PATHS</key>
				<string>NO</string>
				<key>CLANG_CXX_LANGUAGE_STANDARD</key>
				<string>gnu++0x</string>
				<key>CLANG_CXX_LIBRARY</key>
				<string>libc++</string>
				<key>CLANG_ENABLE_MODULES</key>
				<string>YES</string>
				<key>CLANG_ENABLE_OBJC_ARC</key>
				<string>YES</string>
				<key>CLANG_WARN_BOOL_CONVERSION</key>
				<string>YES</string>
				<key>CLANG_WARN_CONSTANT_CONVERSION</key>
				<string>YES</string>
				<key>CLANG_WARN_DIRECT_OBJC_ISA_USAGE</key>
				<string>YES_ERROR</string>
				<key>CLANG_WARN_EMPTY_BODY</key>
				<string>YES</string>
				<key>CLANG_WARN_ENUM_CONVERSION</key>
				<string>YES</string>
				<key>CLANG_WARN_INT_CONVERSION</key>
				<string>YES</string>
				<key>CLANG_WARN_OBJC_ROOT_CLASS</key>
				<string>YES_ERROR</string>
				<key>CLANG_WARN_UNREACHABLE_CODE</key>
				<string>YES</string>
				<key>CLANG_WARN__DUPLICATE_METHOD_MATCH</key>
				<string>YES</string>
				<key>COPY_PHASE_STRIP</key>
				<string>NO</string>
				<key>DEBUG_INFORMATION_FORMAT</key>
				<string>dwarf</string>
				<key>ENABLE_STRICT_OBJC_MSGSEND</key>
				<string>YES</string>
				<key>ENABLE_TESTABILITY</key>
				<string>YES</string>
				<key>GCC_C_LANGUAGE_STANDARD</key>
				<string>gnu99</string>
				<key>GCC_DYNAMIC_NO_PIC</key>
				<string>NO</string>
				<key>GCC_NO_COMMON_BLOCKS</key>
				<string>YES</string>
				<key>GCC_OPTIMIZATION_LEVEL</key>
				<string>0</string>
				<key>GCC_PREPROCESSOR_DEFINITIONS</key>
				<array>
					<string>DEBUG=1</string>
					<string>$(inherited)</string>
				</array>
				<key>GCC_WARN_64_TO_32_BIT_CONVERSION</key>
				<string>YES</string>
				<key>GCC_WARN_ABOUT_RETURN_TYPE</key>
				<string>YES_ERROR</string>
				<key>GCC_WARN_UNDECLARED_SELECTOR</key>
				<string>YES</string>
				<key>GCC_WARN_UNINITIALIZED_AUTOS</key>
				<string>YES_AGGRESSIVE</string>
				<key>GCC_WARN_UNUSED_FUNCTION</key>
				<string>YES</string>
				<key>GCC_WARN_UNUSED_VARIABLE</key>
				<string>YES</string>
				<key>MTL_ENABLE_DEBUG_INFO</key>
				<string>YES</string>
				<key>ONLY_ACTIVE_ARCH</key>
				<string>YES</string>
				<key>SDKROOT</key>
				<string>appletvos</string>
				<key>SWIFT_OPTIMIZATION_LEVEL</key>
				<string>-Onone</string>
				<key>TARGETED_DEVICE_FAMILY</key>
				<string>3</string>
				<key>TVOS_DEPLOYMENT_TARGET</key>
				<string>9.0</string>
			</dict>
			<key>isa</key>
			<string>XCBuildConfiguration</string>
			<key>name</key>
			<string>Debug</string>
		</dict>
		<key>228569141BF2C22800932673</key>
		<dict>
			<key>buildSettings</key>
			<dict>
				<key>ALWAYS_SEARCH_USER_PATHS</key>
				<string>NO</string>
				<key>CLANG_CXX_LANGUAGE_STANDARD</key>
				<string>gnu++0x</string>
				<key>CLANG_CXX_LIBRARY</key>
				<string>libc++</string>
				<key>CLANG_ENABLE_MODULES</key>
				<string>YES</string>
				<key>CLANG_ENABLE_OBJC_ARC</key>
				<string>YES</string>
				<key>CLANG_WARN_BOOL_CONVERSION</key>
				<string>YES</string>
				<key>CLANG_WARN_CONSTANT_CONVERSION</key>
				<string>YES</string>
				<key>CLANG_WARN_DIRECT_OBJC_ISA_USAGE</key>
				<string>YES_ERROR</string>
				<key>CLANG_WARN_EMPTY_BODY</key>
				<string>YES</string>
				<key>CLANG_WARN_ENUM_CONVERSION</key>
				<string>YES</string>
				<key>CLANG_WARN_INT_CONVERSION</key>
				<string>YES</string>
				<key>CLANG_WARN_OBJC_ROOT_CLASS</key>
				<string>YES_ERROR</string>
				<key>CLANG_WARN_UNREACHABLE_CODE</key>
				<string>YES</string>
				<key>CLANG_WARN__DUPLICATE_METHOD_MATCH</key>
				<string>YES</string>
				<key>COPY_PHASE_STRIP</key>
				<string>NO</string>
				<key>DEBUG_INFORMATION_FORMAT</key>
				<string>dwarf-with-dsym</string>
				<key>ENABLE_NS_ASSERTIONS</key>
				<string>NO</string>
				<key>ENABLE_STRICT_OBJC_MSGSEND</key>
				<string>YES</string>
				<key>GCC_C_LANGUAGE_STANDARD</key>
				<string>gnu99</string>
				<key>GCC_NO_COMMON_BLOCKS</key>
				<string>YES</string>
				<key>GCC_WARN_64_TO_32_BIT_CONVERSION</key>
				<string>YES</string>
				<key>GCC_WARN_ABOUT_RETURN_TYPE</key>
				<string>YES_ERROR</string>
				<key>GCC_WARN_UNDECLARED_SELECTOR</key>
				<string>YES</string>
				<key>GCC_WARN_UNINITIALIZED_AUTOS</key>
				<string>YES_AGGRESSIVE</string>
				<key>GCC_WARN_UNUSED_FUNCTION</key>
				<string>YES</string>
				<key>GCC_WARN_UNUSED_VARIABLE</key>
				<string>YES</string>
				<key>MTL_ENABLE_DEBUG_INFO</key>
				<string>NO</string>
				<key>SDKROOT</key>
				<string>appletvos</string>
				<key>TARGETED_DEVICE_FAMILY</key>
				<string>3</string>
				<key>TVOS_DEPLOYMENT_TARGET</key>
				<string>9.0</string>
				<key>VALIDATE_PRODUCT</key>
				<string>YES</string>
			</dict>
			<key>isa</key>
			<string>XCBuildConfiguration</string>
			<key>name</key>
			<string>Release</string>
		</dict>
		<key>228569151BF2C22800932673</key>
		<dict>
			<key>buildConfigurations</key>
			<array>
				<string>228569161BF2C22800932673</string>
				<string>228569171BF2C22800932673</string>
			</array>
			<key>defaultConfigurationIsVisible</key>
			<string>0</string>
			<key>defaultConfigurationName</key>
			<string>Release</string>
			<key>isa</key>
			<string>XCConfigurationList</string>
		</dict>
		<key>228569161BF2C22800932673</key>
		<dict>
			<key>baseConfigurationReference</key>
			<string>FC8345FCEF5C31A77DEB6C01</string>
			<key>buildSettings</key>
			<dict>
				<key>ASSETCATALOG_COMPILER_APPICON_NAME</key>
				<string>App Icon &amp; Top Shelf Image</string>
				<key>ASSETCATALOG_COMPILER_LAUNCHIMAGE_NAME</key>
				<string>LaunchImage</string>
				<key>CODE_SIGN_IDENTITY</key>
				<string>iPhone Developer</string>
				<key>CODE_SIGN_IDENTITY[sdk=appletvos*]</key>
				<string>iPhone Developer</string>
				<key>INFOPLIST_FILE</key>
				<string>wenderTV/Info.plist</string>
				<key>LD_RUNPATH_SEARCH_PATHS</key>
				<string>$(inherited) @executable_path/Frameworks</string>
				<key>PRODUCT_BUNDLE_IDENTIFIER</key>
				<string>com.gifinit.tv</string>
				<key>PRODUCT_NAME</key>
				<string>gifinit</string>
				<key>PROVISIONING_PROFILE</key>
				<string></string>
			</dict>
			<key>isa</key>
			<string>XCBuildConfiguration</string>
			<key>name</key>
			<string>Debug</string>
		</dict>
		<key>228569171BF2C22800932673</key>
		<dict>
			<key>baseConfigurationReference</key>
			<string>D8868A0D3F9C7ABEB8FFF430</string>
			<key>buildSettings</key>
			<dict>
				<key>ASSETCATALOG_COMPILER_APPICON_NAME</key>
				<string>App Icon &amp; Top Shelf Image</string>
				<key>ASSETCATALOG_COMPILER_LAUNCHIMAGE_NAME</key>
				<string>LaunchImage</string>
				<key>CODE_SIGN_IDENTITY</key>
				<string>iPhone Developer</string>
				<key>CODE_SIGN_IDENTITY[sdk=appletvos*]</key>
				<string>iPhone Developer</string>
				<key>INFOPLIST_FILE</key>
				<string>wenderTV/Info.plist</string>
				<key>LD_RUNPATH_SEARCH_PATHS</key>
				<string>$(inherited) @executable_path/Frameworks</string>
				<key>PRODUCT_BUNDLE_IDENTIFIER</key>
				<string>com.gifinit.tv</string>
				<key>PRODUCT_NAME</key>
				<string>gifinit</string>
				<key>PROVISIONING_PROFILE</key>
				<string></string>
			</dict>
			<key>isa</key>
			<string>XCBuildConfiguration</string>
			<key>name</key>
			<string>Release</string>
		</dict>
		<key>228569181BF2C2D800932673</key>
		<dict>
			<key>children</key>
			<array>
				<string>22987B9A1BF78AF800D0468A</string>
				<string>22987B8D1BF74D2300D0468A</string>
				<string>22987B841BF724D300D0468A</string>
				<string>22987B731BF6CAEB00D0468A</string>
				<string>22987B721BF6CAE400D0468A</string>
				<string>2285691B1BF2C35E00932673</string>
			</array>
			<key>isa</key>
			<string>PBXGroup</string>
			<key>name</key>
			<string>App Resources</string>
			<key>sourceTree</key>
			<string>&lt;group&gt;</string>
		</dict>
		<key>228569191BF2C34800932673</key>
		<dict>
			<key>fileEncoding</key>
			<string>4</string>
			<key>isa</key>
			<string>PBXFileReference</string>
			<key>lastKnownFileType</key>
			<string>sourcecode.swift</string>
			<key>path</key>
			<string>ResourceLoader.swift</string>
			<key>sourceTree</key>
			<string>&lt;group&gt;</string>
		</dict>
		<key>2285691A1BF2C34800932673</key>
		<dict>
			<key>fileRef</key>
			<string>228569191BF2C34800932673</string>
			<key>isa</key>
			<string>PBXBuildFile</string>
		</dict>
		<key>2285691B1BF2C35E00932673</key>
		<dict>
			<key>fileEncoding</key>
			<string>4</string>
			<key>isa</key>
			<string>PBXFileReference</string>
			<key>lastKnownFileType</key>
			<string>sourcecode.javascript</string>
			<key>path</key>
			<string>main.js</string>
			<key>sourceTree</key>
			<string>&lt;group&gt;</string>
		</dict>
		<key>2285691C1BF2C35E00932673</key>
		<dict>
			<key>fileRef</key>
			<string>2285691B1BF2C35E00932673</string>
			<key>isa</key>
			<string>PBXBuildFile</string>
		</dict>
		<key>22987B6C1BF5D08200D0468A</key>
		<dict>
			<key>fileEncoding</key>
			<string>4</string>
			<key>isa</key>
			<string>PBXFileReference</string>
			<key>lastKnownFileType</key>
			<string>sourcecode.javascript</string>
			<key>path</key>
			<string>ResourceLoader.js</string>
			<key>sourceTree</key>
			<string>&lt;group&gt;</string>
		</dict>
		<key>22987B6D1BF5D08200D0468A</key>
		<dict>
			<key>fileRef</key>
			<string>22987B6C1BF5D08200D0468A</string>
			<key>isa</key>
			<string>PBXBuildFile</string>
		</dict>
		<key>22987B6E1BF5DF2E00D0468A</key>
		<dict>
			<key>fileEncoding</key>
			<string>4</string>
			<key>isa</key>
			<string>PBXFileReference</string>
			<key>lastKnownFileType</key>
			<string>sourcecode.javascript</string>
			<key>path</key>
			<string>mustache.min.js</string>
			<key>sourceTree</key>
			<string>&lt;group&gt;</string>
		</dict>
		<key>22987B6F1BF5DF2E00D0468A</key>
		<dict>
			<key>fileRef</key>
			<string>22987B6E1BF5DF2E00D0468A</string>
			<key>isa</key>
			<string>PBXBuildFile</string>
		</dict>
		<key>22987B701BF6C74600D0468A</key>
		<dict>
			<key>fileEncoding</key>
			<string>4</string>
			<key>isa</key>
			<string>PBXFileReference</string>
			<key>lastKnownFileType</key>
			<string>text.json</string>
			<key>path</key>
			<string>teamwork.json</string>
			<key>sourceTree</key>
			<string>&lt;group&gt;</string>
		</dict>
		<key>22987B711BF6C74600D0468A</key>
		<dict>
			<key>fileRef</key>
			<string>22987B701BF6C74600D0468A</string>
			<key>isa</key>
			<string>PBXBuildFile</string>
		</dict>
		<key>22987B721BF6CAE400D0468A</key>
		<dict>
			<key>children</key>
			<array>
				<string>22987B8C1BF7491A00D0468A</string>
				<string>22987B8B1BF748F800D0468A</string>
			</array>
			<key>isa</key>
			<string>PBXGroup</string>
			<key>name</key>
			<string>content</string>
			<key>sourceTree</key>
			<string>&lt;group&gt;</string>
		</dict>
		<key>22987B731BF6CAEB00D0468A</key>
		<dict>
			<key>children</key>
			<array>
				<string>22987B6E1BF5DF2E00D0468A</string>
			</array>
			<key>isa</key>
			<string>PBXGroup</string>
			<key>name</key>
			<string>3rd Party</string>
			<key>sourceTree</key>
			<string>&lt;group&gt;</string>
		</dict>
		<key>22987B761BF6DB0700D0468A</key>
		<dict>
			<key>isa</key>
			<string>PBXFileReference</string>
			<key>lastKnownFileType</key>
			<string>image.png</string>
			<key>path</key>
			<string>tv_background.png</string>
			<key>sourceTree</key>
			<string>&lt;group&gt;</string>
		</dict>
		<key>22987B771BF6DB0700D0468A</key>
		<dict>
			<key>fileRef</key>
			<string>22987B761BF6DB0700D0468A</string>
			<key>isa</key>
			<string>PBXBuildFile</string>
		</dict>
		<key>22987B781BF70CAA00D0468A</key>
		<dict>
			<key>isa</key>
			<string>PBXFileReference</string>
			<key>lastKnownFileType</key>
			<string>image.jpeg</string>
			<key>path</key>
			<string>talk-ray-wenderlich-teamwork.jpeg</string>
			<key>sourceTree</key>
			<string>&lt;group&gt;</string>
		</dict>
		<key>22987B791BF70CAA00D0468A</key>
		<dict>
			<key>fileRef</key>
			<string>22987B781BF70CAA00D0468A</string>
			<key>isa</key>
			<string>PBXBuildFile</string>
		</dict>
		<key>22987B7A1BF7143600D0468A</key>
		<dict>
			<key>isa</key>
			<string>PBXFileReference</string>
			<key>lastKnownFileType</key>
			<string>image.png</string>
			<key>path</key>
			<string>talk-cesare-rocchi-recognition.png</string>
			<key>sourceTree</key>
			<string>&lt;group&gt;</string>
		</dict>
		<key>22987B7B1BF7143600D0468A</key>
		<dict>
			<key>isa</key>
			<string>PBXFileReference</string>
			<key>lastKnownFileType</key>
			<string>image.png</string>
			<key>path</key>
			<string>talk-chris-wagner-craftsmanship.png</string>
			<key>sourceTree</key>
			<string>&lt;group&gt;</string>
		</dict>
		<key>22987B7C1BF7143600D0468A</key>
		<dict>
			<key>isa</key>
			<string>PBXFileReference</string>
			<key>lastKnownFileType</key>
			<string>image.png</string>
			<key>path</key>
			<string>talk-ellen-shapiro-starting-over.png</string>
			<key>sourceTree</key>
			<string>&lt;group&gt;</string>
		</dict>
		<key>22987B7D1BF7143600D0468A</key>
		<dict>
			<key>isa</key>
			<string>PBXFileReference</string>
			<key>lastKnownFileType</key>
			<string>image.png</string>
			<key>path</key>
			<string>talk-vicki-wenderlich-identity.png</string>
			<key>sourceTree</key>
			<string>&lt;group&gt;</string>
		</dict>
		<key>22987B7E1BF7143600D0468A</key>
		<dict>
			<key>fileRef</key>
			<string>22987B7A1BF7143600D0468A</string>
			<key>isa</key>
			<string>PBXBuildFile</string>
		</dict>
		<key>22987B7F1BF7143600D0468A</key>
		<dict>
			<key>fileRef</key>
			<string>22987B7B1BF7143600D0468A</string>
			<key>isa</key>
			<string>PBXBuildFile</string>
		</dict>
		<key>22987B801BF7143600D0468A</key>
		<dict>
			<key>fileRef</key>
			<string>22987B7C1BF7143600D0468A</string>
			<key>isa</key>
			<string>PBXBuildFile</string>
		</dict>
		<key>22987B811BF7143600D0468A</key>
		<dict>
			<key>fileRef</key>
			<string>22987B7D1BF7143600D0468A</string>
			<key>isa</key>
			<string>PBXBuildFile</string>
		</dict>
		<key>22987B821BF71CF500D0468A</key>
		<dict>
			<key>isa</key>
			<string>PBXFileReference</string>
			<key>lastKnownFileType</key>
			<string>image.png</string>
			<key>path</key>
			<string>talk-marin-todorov-rw-folklore.png</string>
			<key>sourceTree</key>
			<string>&lt;group&gt;</string>
		</dict>
		<key>22987B831BF71CF500D0468A</key>
		<dict>
			<key>fileRef</key>
			<string>22987B821BF71CF500D0468A</string>
			<key>isa</key>
			<string>PBXBuildFile</string>
		</dict>
		<key>22987B841BF724D300D0468A</key>
		<dict>
			<key>children</key>
			<array>
				<string>43BF20961CC26404001F4688</string>
				<string>43BF20941CC26284001F4688</string>
				<string>22987B761BF6DB0700D0468A</string>
				<string>22987B851BF724DE00D0468A</string>
				<string>22987B861BF724DE00D0468A</string>
				<string>22987B871BF724DE00D0468A</string>
			</array>
			<key>isa</key>
			<string>PBXGroup</string>
			<key>name</key>
			<string>shared</string>
			<key>sourceTree</key>
			<string>&lt;group&gt;</string>
		</dict>
		<key>22987B851BF724DE00D0468A</key>
		<dict>
			<key>isa</key>
			<string>PBXFileReference</string>
			<key>lastKnownFileType</key>
			<string>image.png</string>
			<key>path</key>
			<string>face.png</string>
			<key>sourceTree</key>
			<string>&lt;group&gt;</string>
		</dict>
		<key>22987B861BF724DE00D0468A</key>
		<dict>
			<key>isa</key>
			<string>PBXFileReference</string>
			<key>lastKnownFileType</key>
			<string>image.png</string>
			<key>path</key>
			<string>heads.png</string>
			<key>sourceTree</key>
			<string>&lt;group&gt;</string>
		</dict>
		<key>22987B871BF724DE00D0468A</key>
		<dict>
			<key>isa</key>
			<string>PBXFileReference</string>
			<key>lastKnownFileType</key>
			<string>image.png</string>
			<key>path</key>
			<string>rock.png</string>
			<key>sourceTree</key>
			<string>&lt;group&gt;</string>
		</dict>
		<key>22987B881BF724DE00D0468A</key>
		<dict>
			<key>fileRef</key>
			<string>22987B851BF724DE00D0468A</string>
			<key>isa</key>
			<string>PBXBuildFile</string>
		</dict>
		<key>22987B891BF724DE00D0468A</key>
		<dict>
			<key>fileRef</key>
			<string>22987B861BF724DE00D0468A</string>
			<key>isa</key>
			<string>PBXBuildFile</string>
		</dict>
		<key>22987B8A1BF724DE00D0468A</key>
		<dict>
			<key>fileRef</key>
			<string>22987B871BF724DE00D0468A</string>
			<key>isa</key>
			<string>PBXBuildFile</string>
		</dict>
		<key>22987B8B1BF748F800D0468A</key>
		<dict>
			<key>children</key>
			<array>
				<string>22987B821BF71CF500D0468A</string>
				<string>22987B7A1BF7143600D0468A</string>
				<string>22987B7B1BF7143600D0468A</string>
				<string>22987B7C1BF7143600D0468A</string>
				<string>22987B7D1BF7143600D0468A</string>
				<string>22987B781BF70CAA00D0468A</string>
			</array>
			<key>isa</key>
			<string>PBXGroup</string>
			<key>name</key>
			<string>images</string>
			<key>sourceTree</key>
			<string>&lt;group&gt;</string>
		</dict>
		<key>22987B8C1BF7491A00D0468A</key>
		<dict>
			<key>children</key>
			<array>
				<string>22987B701BF6C74600D0468A</string>
				<string>22987B901BF74DF900D0468A</string>
				<string>22987B921BF74F1C00D0468A</string>
				<string>22987B941BF74F3500D0468A</string>
				<string>22987B961BF74F4600D0468A</string>
				<string>22987B981BF74F5300D0468A</string>
			</array>
			<key>isa</key>
			<string>PBXGroup</string>
			<key>name</key>
			<string>data</string>
			<key>sourceTree</key>
			<string>&lt;group&gt;</string>
		</dict>
		<key>22987B8D1BF74D2300D0468A</key>
		<dict>
			<key>children</key>
			<array>
				<string>43BF20981CC2BB7E001F4688</string>
				<string>22987B6C1BF5D08200D0468A</string>
			</array>
			<key>isa</key>
			<string>PBXGroup</string>
			<key>name</key>
			<string>utilities</string>
			<key>sourceTree</key>
			<string>&lt;group&gt;</string>
		</dict>
		<key>22987B901BF74DF900D0468A</key>
		<dict>
			<key>fileEncoding</key>
			<string>4</string>
			<key>isa</key>
			<string>PBXFileReference</string>
			<key>lastKnownFileType</key>
			<string>text.json</string>
			<key>path</key>
			<string>rw-folklore.json</string>
			<key>sourceTree</key>
			<string>&lt;group&gt;</string>
		</dict>
		<key>22987B911BF74DF900D0468A</key>
		<dict>
			<key>fileRef</key>
			<string>22987B901BF74DF900D0468A</string>
			<key>isa</key>
			<string>PBXBuildFile</string>
		</dict>
		<key>22987B921BF74F1C00D0468A</key>
		<dict>
			<key>fileEncoding</key>
			<string>4</string>
			<key>isa</key>
			<string>PBXFileReference</string>
			<key>lastKnownFileType</key>
			<string>text.json</string>
			<key>path</key>
			<string>craftsmanship.json</string>
			<key>sourceTree</key>
			<string>&lt;group&gt;</string>
		</dict>
		<key>22987B931BF74F1C00D0468A</key>
		<dict>
			<key>fileRef</key>
			<string>22987B921BF74F1C00D0468A</string>
			<key>isa</key>
			<string>PBXBuildFile</string>
		</dict>
		<key>22987B941BF74F3500D0468A</key>
		<dict>
			<key>fileEncoding</key>
			<string>4</string>
			<key>isa</key>
			<string>PBXFileReference</string>
			<key>lastKnownFileType</key>
			<string>text.json</string>
			<key>path</key>
			<string>recognition.json</string>
			<key>sourceTree</key>
			<string>&lt;group&gt;</string>
		</dict>
		<key>22987B951BF74F3500D0468A</key>
		<dict>
			<key>fileRef</key>
			<string>22987B941BF74F3500D0468A</string>
			<key>isa</key>
			<string>PBXBuildFile</string>
		</dict>
		<key>22987B961BF74F4600D0468A</key>
		<dict>
			<key>fileEncoding</key>
			<string>4</string>
			<key>isa</key>
			<string>PBXFileReference</string>
			<key>lastKnownFileType</key>
			<string>text.json</string>
			<key>path</key>
			<string>starting-over.json</string>
			<key>sourceTree</key>
			<string>&lt;group&gt;</string>
		</dict>
		<key>22987B971BF74F4600D0468A</key>
		<dict>
			<key>fileRef</key>
			<string>22987B961BF74F4600D0468A</string>
			<key>isa</key>
			<string>PBXBuildFile</string>
		</dict>
		<key>22987B981BF74F5300D0468A</key>
		<dict>
			<key>fileEncoding</key>
			<string>4</string>
			<key>isa</key>
			<string>PBXFileReference</string>
			<key>lastKnownFileType</key>
			<string>text.json</string>
			<key>path</key>
			<string>identity.json</string>
			<key>sourceTree</key>
			<string>&lt;group&gt;</string>
		</dict>
		<key>22987B991BF74F5300D0468A</key>
		<dict>
			<key>fileRef</key>
			<string>22987B981BF74F5300D0468A</string>
			<key>isa</key>
			<string>PBXBuildFile</string>
		</dict>
		<key>22987B9A1BF78AF800D0468A</key>
		<dict>
			<key>children</key>
			<array>
				<string>3550AB6D1C6BB87700C24B2C</string>
				<string>3550AB6F1C6BC01C00C24B2C</string>
			</array>
			<key>isa</key>
			<string>PBXGroup</string>
			<key>name</key>
			<string>layouts</string>
			<key>sourceTree</key>
			<string>&lt;group&gt;</string>
		</dict>
		<key>3550AB6D1C6BB87700C24B2C</key>
		<dict>
			<key>fileEncoding</key>
			<string>4</string>
			<key>isa</key>
			<string>PBXFileReference</string>
			<key>lastKnownFileType</key>
			<string>text</string>
			<key>path</key>
			<string>video.tvml</string>
			<key>sourceTree</key>
			<string>&lt;group&gt;</string>
		</dict>
		<key>3550AB6E1C6BB87700C24B2C</key>
		<dict>
			<key>fileRef</key>
			<string>3550AB6D1C6BB87700C24B2C</string>
			<key>isa</key>
			<string>PBXBuildFile</string>
		</dict>
		<key>3550AB6F1C6BC01C00C24B2C</key>
		<dict>
			<key>fileEncoding</key>
			<string>4</string>
			<key>isa</key>
			<string>PBXFileReference</string>
			<key>lastKnownFileType</key>
			<string>text</string>
			<key>path</key>
			<string>expandedDetailText.tvml</string>
			<key>sourceTree</key>
			<string>&lt;group&gt;</string>
		</dict>
		<key>3550AB701C6BC01C00C24B2C</key>
		<dict>
			<key>fileRef</key>
			<string>3550AB6F1C6BC01C00C24B2C</string>
			<key>isa</key>
			<string>PBXBuildFile</string>
		</dict>
		<key>41B9EFDAC28AFD966AAB6FB8</key>
		<dict>
			<key>fileRef</key>
			<string>129CA701DCE7A4FFEB906775</string>
			<key>isa</key>
			<string>PBXBuildFile</string>
		</dict>
		<key>43BF20941CC26284001F4688</key>
		<dict>
			<key>isa</key>
			<string>PBXFileReference</string>
			<key>lastKnownFileType</key>
			<string>image.png</string>
			<key>path</key>
			<string>lightning.png</string>
			<key>sourceTree</key>
			<string>&lt;group&gt;</string>
		</dict>
		<key>43BF20951CC26284001F4688</key>
		<dict>
			<key>fileRef</key>
			<string>43BF20941CC26284001F4688</string>
			<key>isa</key>
			<string>PBXBuildFile</string>
		</dict>
		<key>43BF20961CC26404001F4688</key>
		<dict>
			<key>isa</key>
			<string>PBXFileReference</string>
			<key>lastKnownFileType</key>
			<string>image.png</string>
			<key>path</key>
			<string>Classic.png</string>
			<key>sourceTree</key>
			<string>&lt;group&gt;</string>
		</dict>
		<key>43BF20971CC26404001F4688</key>
		<dict>
			<key>fileRef</key>
			<string>43BF20961CC26404001F4688</string>
			<key>isa</key>
			<string>PBXBuildFile</string>
		</dict>
		<key>43BF20981CC2BB7E001F4688</key>
		<dict>
			<key>fileEncoding</key>
			<string>4</string>
			<key>isa</key>
			<string>PBXFileReference</string>
			<key>lastKnownFileType</key>
			<string>sourcecode.javascript</string>
			<key>path</key>
			<string>ResourceOther.js</string>
			<key>sourceTree</key>
			<string>&lt;group&gt;</string>
		</dict>
		<key>43BF20991CC2BB7E001F4688</key>
		<dict>
			<key>fileRef</key>
			<string>43BF20981CC2BB7E001F4688</string>
			<key>isa</key>
			<string>PBXBuildFile</string>
		</dict>
		<key>43C522AA1CC30EC6003A3930</key>
		<dict>
			<key>fileEncoding</key>
			<string>4</string>
			<key>isa</key>
			<string>PBXFileReference</string>
			<key>lastKnownFileType</key>
			<string>sourcecode.swift</string>
			<key>path</key>
			<string>InterfaceFactory.swift</string>
			<key>sourceTree</key>
			<string>&lt;group&gt;</string>
		</dict>
		<key>43C522AB1CC30EC6003A3930</key>
		<dict>
			<key>fileRef</key>
			<string>43C522AA1CC30EC6003A3930</string>
			<key>isa</key>
			<string>PBXBuildFile</string>
		</dict>
		<key>43C522AC1CC30F1F003A3930</key>
		<dict>
			<key>fileEncoding</key>
			<string>4</string>
			<key>isa</key>
			<string>PBXFileReference</string>
			<key>lastKnownFileType</key>
			<string>sourcecode.swift</string>
			<key>path</key>
			<string>RainbowProgress.swift</string>
			<key>sourceTree</key>
			<string>&lt;group&gt;</string>
		</dict>
		<key>43C522AD1CC30F1F003A3930</key>
		<dict>
			<key>fileEncoding</key>
			<string>4</string>
			<key>isa</key>
			<string>PBXFileReference</string>
			<key>lastKnownFileType</key>
			<string>sourcecode.swift</string>
			<key>path</key>
			<string>RainbowProgressElement.swift</string>
			<key>sourceTree</key>
			<string>&lt;group&gt;</string>
		</dict>
		<key>43C522AE1CC30F1F003A3930</key>
		<dict>
			<key>fileRef</key>
			<string>43C522AC1CC30F1F003A3930</string>
			<key>isa</key>
			<string>PBXBuildFile</string>
		</dict>
		<key>43C522AF1CC30F1F003A3930</key>
		<dict>
			<key>fileRef</key>
			<string>43C522AD1CC30F1F003A3930</string>
			<key>isa</key>
			<string>PBXBuildFile</string>
		</dict>
		<key>43C522B01CC30F2A003A3930</key>
		<dict>
			<key>fileEncoding</key>
			<string>4</string>
			<key>isa</key>
			<string>PBXFileReference</string>
			<key>lastKnownFileType</key>
			<string>sourcecode.swift</string>
			<key>path</key>
			<string>RainbowTemplateViewController.swift</string>
			<key>sourceTree</key>
			<string>&lt;group&gt;</string>
		</dict>
		<key>43C522B11CC30F2A003A3930</key>
		<dict>
			<key>fileRef</key>
			<string>43C522B01CC30F2A003A3930</string>
			<key>isa</key>
			<string>PBXBuildFile</string>
		</dict>
		<key>43C522B21CC30F30003A3930</key>
		<dict>
			<key>children</key>
			<array>
				<string>43C522AD1CC30F1F003A3930</string>
				<string>43C522AC1CC30F1F003A3930</string>
				<string>43C522B01CC30F2A003A3930</string>
			</array>
			<key>isa</key>
			<string>PBXGroup</string>
			<key>name</key>
			<string>rainbow</string>
			<key>sourceTree</key>
			<string>&lt;group&gt;</string>
		</dict>
		<key>6CE2460BA676129BE8EDCF67</key>
		<dict>
			<key>buildActionMask</key>
			<string>2147483647</string>
			<key>files</key>
			<array/>
			<key>inputPaths</key>
			<array/>
			<key>isa</key>
			<string>PBXShellScriptBuildPhase</string>
			<key>name</key>
			<string>Check Pods Manifest.lock</string>
			<key>outputPaths</key>
			<array/>
			<key>runOnlyForDeploymentPostprocessing</key>
			<string>0</string>
			<key>shellPath</key>
			<string>/bin/sh</string>
			<key>shellScript</key>
			<string>diff "${PODS_ROOT}/../Podfile.lock" "${PODS_ROOT}/Manifest.lock" &gt; /dev/null
if [[ $? != 0 ]] ; then
    cat &lt;&lt; EOM
error: The sandbox is not in sync with the Podfile.lock. Run 'pod install' or update your CocoaPods installation.
EOM
    exit 1
fi
</string>
			<key>showEnvVarsInLog</key>
			<string>0</string>
		</dict>
		<key>85E164CB3056C5D795A3748F</key>
		<dict>
			<key>children</key>
			<array>
				<string>129CA701DCE7A4FFEB906775</string>
			</array>
			<key>isa</key>
			<string>PBXGroup</string>
			<key>name</key>
			<string>Frameworks</string>
			<key>sourceTree</key>
			<string>&lt;group&gt;</string>
		</dict>
		<key>A92FFAB3F8832C0AFA772DEF</key>
		<dict>
			<key>children</key>
			<array>
				<string>FC8345FCEF5C31A77DEB6C01</string>
				<string>D8868A0D3F9C7ABEB8FFF430</string>
			</array>
			<key>isa</key>
			<string>PBXGroup</string>
			<key>name</key>
			<string>Pods</string>
			<key>sourceTree</key>
			<string>&lt;group&gt;</string>
		</dict>
		<key>A9869D893C4A36ECBC08AE2B</key>
		<dict>
			<key>buildActionMask</key>
			<string>2147483647</string>
			<key>files</key>
			<array/>
			<key>inputPaths</key>
			<array/>
			<key>isa</key>
			<string>PBXShellScriptBuildPhase</string>
			<key>name</key>
			<string>Embed Pods Frameworks</string>
			<key>outputPaths</key>
			<array/>
			<key>runOnlyForDeploymentPostprocessing</key>
			<string>0</string>
			<key>shellPath</key>
			<string>/bin/sh</string>
			<key>shellScript</key>
			<string>"${SRCROOT}/Pods/Target Support Files/Pods/Pods-frameworks.sh"
</string>
			<key>showEnvVarsInLog</key>
			<string>0</string>
		</dict>
		<key>D8868A0D3F9C7ABEB8FFF430</key>
		<dict>
			<key>includeInIndex</key>
			<string>1</string>
			<key>isa</key>
			<string>PBXFileReference</string>
			<key>lastKnownFileType</key>
			<string>text.xcconfig</string>
			<key>name</key>
			<string>Pods.release.xcconfig</string>
			<key>path</key>
			<string>Pods/Target Support Files/Pods/Pods.release.xcconfig</string>
			<key>sourceTree</key>
			<string>&lt;group&gt;</string>
		</dict>
		<key>EA1528881D9A867586A751A4</key>
		<dict>
			<key>buildActionMask</key>
			<string>2147483647</string>
			<key>files</key>
			<array/>
			<key>inputPaths</key>
			<array/>
			<key>isa</key>
			<string>PBXShellScriptBuildPhase</string>
			<key>name</key>
			<string>Copy Pods Resources</string>
			<key>outputPaths</key>
			<array/>
			<key>runOnlyForDeploymentPostprocessing</key>
			<string>0</string>
			<key>shellPath</key>
			<string>/bin/sh</string>
			<key>shellScript</key>
			<string>"${SRCROOT}/Pods/Target Support Files/Pods/Pods-resources.sh"
</string>
			<key>showEnvVarsInLog</key>
			<string>0</string>
		</dict>
		<key>FC8345FCEF5C31A77DEB6C01</key>
		<dict>
			<key>includeInIndex</key>
			<string>1</string>
			<key>isa</key>
			<string>PBXFileReference</string>
			<key>lastKnownFileType</key>
			<string>text.xcconfig</string>
			<key>name</key>
			<string>Pods.debug.xcconfig</string>
			<key>path</key>
			<string>Pods/Target Support Files/Pods/Pods.debug.xcconfig</string>
			<key>sourceTree</key>
			<string>&lt;group&gt;</string>
		</dict>
	</dict>
	<key>rootObject</key>
	<string>228568FE1BF2C22800932673</string>
</dict>
</plist>
